
Microsoft Visual Studio Solution File, Format Version 12.00
# Visual Studio 15
VisualStudioVersion = 15.0.26730.10
MinimumVisualStudioVersion = 10.0.40219.1
Project("{FAE04EC0-301F-11D3-BF4B-00C04F79EFBC}") = "Flight_Book", "WebApplication2\Flight_Book.csproj", "{8931170A-50F1-466C-A555-90952681A8C3}"
EndProject
Project("{2150E333-8FDC-42A3-9474-1A3956D46DE8}") = "Solution Items", "Solution Items", "{8F9BCBEE-1FE8-422C-9773-FC4E90E5B8D0}"
	ProjectSection(SolutionItems) = preProject
		Grant.sql = Grant.sql
	EndProjectSection
EndProject
Global
	GlobalSection(SolutionConfigurationPlatforms) = preSolution
		Debug|Any CPU = Debug|Any CPU
		Release|Any CPU = Release|Any CPU
	EndGlobalSection
	GlobalSection(ProjectConfigurationPlatforms) = postSolution
		{8931170A-50F1-466C-A555-90952681A8C3}.Debug|Any CPU.ActiveCfg = Debug|Any CPU
		{8931170A-50F1-466C-A555-90952681A8C3}.Debug|Any CPU.Build.0 = Debug|Any CPU
		{8931170A-50F1-466C-A555-90952681A8C3}.Release|Any CPU.ActiveCfg = Release|Any CPU
		{8931170A-50F1-466C-A555-90952681A8C3}.Release|Any CPU.Build.0 = Release|Any CPU
	EndGlobalSection
	GlobalSection(SolutionProperties) = preSolution
		HideSolutionNode = FALSE
	EndGlobalSection
	GlobalSection(ExtensibilityGlobals) = postSolution
		SolutionGuid = {0DE8EC87-867C-40FA-867A-EE3C24E60E08}
	EndGlobalSection
EndGlobal
